
Microsoft Visual Studio Solution File, Format Version 12.00
# Visual Studio Version 17
VisualStudioVersion = 17.1.32120.378
MinimumVisualStudioVersion = 10.0.40219.1
Project("{8BC9CEB8-8B4A-11D0-8D11-00A0C91BC942}") = "Sender", "Sender\Sender.vcxproj", "{39472020-2EA6-40FA-A92E-3DBFA508B7FE}"
EndProject
Project("{8BC9CEB8-8B4A-11D0-8D11-00A0C91BC942}") = "Reciever", "Reciever\Reciever.vcxproj", "{A33C5269-C3F2-4A5C-B960-B0C89389692C}"
EndProject
Project("{8BC9CEB8-8B4A-11D0-8D11-00A0C91BC942}") = "Channel", "Channel\Channel.vcxproj", "{24C43B9D-A33D-471B-8DF6-823DDEAB0084}"
EndProject
Global
	GlobalSection(SolutionConfigurationPlatforms) = preSolution
		Debug|x64 = Debug|x64
		Debug|x86 = Debug|x86
		Release|x64 = Release|x64
		Release|x86 = Release|x86
	EndGlobalSection
	GlobalSection(ProjectConfigurationPlatforms) = postSolution
		{39472020-2EA6-40FA-A92E-3DBFA508B7FE}.Debug|x64.ActiveCfg = Debug|x64
		{39472020-2EA6-40FA-A92E-3DBFA508B7FE}.Debug|x64.Build.0 = Debug|x64
		{39472020-2EA6-40FA-A92E-3DBFA508B7FE}.Debug|x86.ActiveCfg = Debug|Win32
		{39472020-2EA6-40FA-A92E-3DBFA508B7FE}.Debug|x86.Build.0 = Debug|Win32
		{39472020-2EA6-40FA-A92E-3DBFA508B7FE}.Release|x64.ActiveCfg = Release|x64
		{39472020-2EA6-40FA-A92E-3DBFA508B7FE}.Release|x64.Build.0 = Release|x64
		{39472020-2EA6-40FA-A92E-3DBFA508B7FE}.Release|x86.ActiveCfg = Release|Win32
		{39472020-2EA6-40FA-A92E-3DBFA508B7FE}.Release|x86.Build.0 = Release|Win32
		{A33C5269-C3F2-4A5C-B960-B0C89389692C}.Debug|x64.ActiveCfg = Debug|x64
		{A33C5269-C3F2-4A5C-B960-B0C89389692C}.Debug|x64.Build.0 = Debug|x64
		{A33C5269-C3F2-4A5C-B960-B0C89389692C}.Debug|x86.ActiveCfg = Debug|Win32
		{A33C5269-C3F2-4A5C-B960-B0C89389692C}.Debug|x86.Build.0 = Debug|Win32
		{A33C5269-C3F2-4A5C-B960-B0C89389692C}.Release|x64.ActiveCfg = Release|x64
		{A33C5269-C3F2-4A5C-B960-B0C89389692C}.Release|x64.Build.0 = Release|x64
		{A33C5269-C3F2-4A5C-B960-B0C89389692C}.Release|x86.ActiveCfg = Release|Win32
		{A33C5269-C3F2-4A5C-B960-B0C89389692C}.Release|x86.Build.0 = Release|Win32
		{24C43B9D-A33D-471B-8DF6-823DDEAB0084}.Debug|x64.ActiveCfg = Debug|x64
		{24C43B9D-A33D-471B-8DF6-823DDEAB0084}.Debug|x64.Build.0 = Debug|x64
		{24C43B9D-A33D-471B-8DF6-823DDEAB0084}.Debug|x86.ActiveCfg = Debug|Win32
		{24C43B9D-A33D-471B-8DF6-823DDEAB0084}.Debug|x86.Build.0 = Debug|Win32
		{24C43B9D-A33D-471B-8DF6-823DDEAB0084}.Release|x64.ActiveCfg = Release|x64
		{24C43B9D-A33D-471B-8DF6-823DDEAB0084}.Release|x64.Build.0 = Release|x64
		{24C43B9D-A33D-471B-8DF6-823DDEAB0084}.Release|x86.ActiveCfg = Release|Win32
		{24C43B9D-A33D-471B-8DF6-823DDEAB0084}.Release|x86.Build.0 = Release|Win32
	EndGlobalSection
	GlobalSection(SolutionProperties) = preSolution
		HideSolutionNode = FALSE
	EndGlobalSection
	GlobalSection(ExtensibilityGlobals) = postSolution
		SolutionGuid = {7BBE6283-7162-4C25-9F62-16F90279536A}
	EndGlobalSection
EndGlobal
